
Microsoft Visual Studio Solution File, Format Version 12.00
# Visual Studio Version 16
VisualStudioVersion = 16.0.29519.181
MinimumVisualStudioVersion = 10.0.40219.1
Project("{9A19103F-16F7-4668-BE54-9A1E7A4F7556}") = "SportsStore", "SportsStore.csproj", "{21DA8293-2A99-47ED-A1E9-873E309F31F2}"
EndProject
Project("{9A19103F-16F7-4668-BE54-9A1E7A4F7556}") = "SportsStore.Tests", "SportsStore.Tests\SportsStore.Tests.csproj", "{8084ED01-0BAE-4873-A4AC-73FF9FD6310C}"
EndProject
Global
	GlobalSection(SolutionConfigurationPlatforms) = preSolution
		Debug|Any CPU = Debug|Any CPU
		Release|Any CPU = Release|Any CPU
	EndGlobalSection
	GlobalSection(ProjectConfigurationPlatforms) = postSolution
		{21DA8293-2A99-47ED-A1E9-873E309F31F2}.Debug|Any CPU.ActiveCfg = Debug|Any CPU
		{21DA8293-2A99-47ED-A1E9-873E309F31F2}.Debug|Any CPU.Build.0 = Debug|Any CPU
		{21DA8293-2A99-47ED-A1E9-873E309F31F2}.Release|Any CPU.ActiveCfg = Release|Any CPU
		{21DA8293-2A99-47ED-A1E9-873E309F31F2}.Release|Any CPU.Build.0 = Release|Any CPU
		{8084ED01-0BAE-4873-A4AC-73FF9FD6310C}.Debug|Any CPU.ActiveCfg = Debug|Any CPU
		{8084ED01-0BAE-4873-A4AC-73FF9FD6310C}.Debug|Any CPU.Build.0 = Debug|Any CPU
		{8084ED01-0BAE-4873-A4AC-73FF9FD6310C}.Release|Any CPU.ActiveCfg = Release|Any CPU
		{8084ED01-0BAE-4873-A4AC-73FF9FD6310C}.Release|Any CPU.Build.0 = Release|Any CPU
	EndGlobalSection
	GlobalSection(SolutionProperties) = preSolution
		HideSolutionNode = FALSE
	EndGlobalSection
	GlobalSection(ExtensibilityGlobals) = postSolution
		SolutionGuid = {DAFFFBE9-EC4F-4267-A3D9-0B9FB388F8B3}
	EndGlobalSection
EndGlobal
